
Microsoft Visual Studio Solution File, Format Version 12.00
# Visual Studio Version 17
VisualStudioVersion = 17.9.34902.65
MinimumVisualStudioVersion = 10.0.40219.1
Project("{9A19103F-16F7-4668-BE54-9A1E7A4F7556}") = "Lab12_PH52988", "Lab12_PH52988\Lab12_PH52988.csproj", "{304145AB-58BD-4ECE-A811-8ED5A6E6DA61}"
EndProject
Project("{FAE04EC0-301F-11D3-BF4B-00C04F79EFBC}") = "KiemTraLab12", "KiemTraLab12\KiemTraLab12.csproj", "{AE6688E4-F5F8-4F4F-95CF-2F683BF9C9F9}"
EndProject
Global
	GlobalSection(SolutionConfigurationPlatforms) = preSolution
		Debug|Any CPU = Debug|Any CPU
		Release|Any CPU = Release|Any CPU
	EndGlobalSection
	GlobalSection(ProjectConfigurationPlatforms) = postSolution
		{304145AB-58BD-4ECE-A811-8ED5A6E6DA61}.Debug|Any CPU.ActiveCfg = Debug|Any CPU
		{304145AB-58BD-4ECE-A811-8ED5A6E6DA61}.Debug|Any CPU.Build.0 = Debug|Any CPU
		{304145AB-58BD-4ECE-A811-8ED5A6E6DA61}.Release|Any CPU.ActiveCfg = Release|Any CPU
		{304145AB-58BD-4ECE-A811-8ED5A6E6DA61}.Release|Any CPU.Build.0 = Release|Any CPU
		{AE6688E4-F5F8-4F4F-95CF-2F683BF9C9F9}.Debug|Any CPU.ActiveCfg = Debug|Any CPU
		{AE6688E4-F5F8-4F4F-95CF-2F683BF9C9F9}.Debug|Any CPU.Build.0 = Debug|Any CPU
		{AE6688E4-F5F8-4F4F-95CF-2F683BF9C9F9}.Release|Any CPU.ActiveCfg = Release|Any CPU
		{AE6688E4-F5F8-4F4F-95CF-2F683BF9C9F9}.Release|Any CPU.Build.0 = Release|Any CPU
	EndGlobalSection
	GlobalSection(SolutionProperties) = preSolution
		HideSolutionNode = FALSE
	EndGlobalSection
	GlobalSection(ExtensibilityGlobals) = postSolution
		SolutionGuid = {F8B797AA-9B99-4035-A640-4569393FB028}
	EndGlobalSection
EndGlobal
